
Microsoft Visual Studio Solution File, Format Version 12.00
# Visual Studio Version 17
VisualStudioVersion = 17.4.33403.182
MinimumVisualStudioVersion = 10.0.40219.1
Project("{9A19103F-16F7-4668-BE54-9A1E7A4F7556}") = "Maukito", "Maukito\Maukito.csproj", "{D3BBA890-C7DF-4D9D-AFDB-B2EC519A6115}"
EndProject
Global
	GlobalSection(SolutionConfigurationPlatforms) = preSolution
		Debug|Any CPU = Debug|Any CPU
		Release|Any CPU = Release|Any CPU
	EndGlobalSection
	GlobalSection(ProjectConfigurationPlatforms) = postSolution
		{D3BBA890-C7DF-4D9D-AFDB-B2EC519A6115}.Debug|Any CPU.ActiveCfg = Debug|Any CPU
		{D3BBA890-C7DF-4D9D-AFDB-B2EC519A6115}.Debug|Any CPU.Build.0 = Debug|Any CPU
		{D3BBA890-C7DF-4D9D-AFDB-B2EC519A6115}.Debug|Any CPU.Deploy.0 = Debug|Any CPU
		{D3BBA890-C7DF-4D9D-AFDB-B2EC519A6115}.Release|Any CPU.ActiveCfg = Release|Any CPU
		{D3BBA890-C7DF-4D9D-AFDB-B2EC519A6115}.Release|Any CPU.Build.0 = Release|Any CPU
	EndGlobalSection
	GlobalSection(SolutionProperties) = preSolution
		HideSolutionNode = FALSE
	EndGlobalSection
	GlobalSection(ExtensibilityGlobals) = postSolution
		SolutionGuid = {A8502C3A-3496-4529-8BBD-1035FFC3BE2C}
	EndGlobalSection
EndGlobal
